
Microsoft Visual Studio Solution File, Format Version 12.00
# Visual Studio Version 16
VisualStudioVersion = 16.0.31729.503
MinimumVisualStudioVersion = 10.0.40219.1
Project("{FAE04EC0-301F-11D3-BF4B-00C04F79EFBC}") = "LipaNaMpesaAPI", "LipaNaMpesaAPI\LipaNaMpesaAPI.csproj", "{62DB3B67-92B1-4E4E-BCFA-CDDD1DB08BC4}"
EndProject
Global
	GlobalSection(SolutionConfigurationPlatforms) = preSolution
		Debug|Any CPU = Debug|Any CPU
		Release|Any CPU = Release|Any CPU
	EndGlobalSection
	GlobalSection(ProjectConfigurationPlatforms) = postSolution
		{62DB3B67-92B1-4E4E-BCFA-CDDD1DB08BC4}.Debug|Any CPU.ActiveCfg = Debug|Any CPU
		{62DB3B67-92B1-4E4E-BCFA-CDDD1DB08BC4}.Debug|Any CPU.Build.0 = Debug|Any CPU
		{62DB3B67-92B1-4E4E-BCFA-CDDD1DB08BC4}.Release|Any CPU.ActiveCfg = Release|Any CPU
		{62DB3B67-92B1-4E4E-BCFA-CDDD1DB08BC4}.Release|Any CPU.Build.0 = Release|Any CPU
	EndGlobalSection
	GlobalSection(SolutionProperties) = preSolution
		HideSolutionNode = FALSE
	EndGlobalSection
	GlobalSection(ExtensibilityGlobals) = postSolution
		SolutionGuid = {DF2EF34A-64D0-4F7C-8AF2-EF4BB17DC0A7}
	EndGlobalSection
EndGlobal
